// !$*UTF8*$!
{
	archiveVersion = 1;
	classes = {
	};
	objectVersion = 46;
	objects = {

/* Begin PBXBuildFile section */
		CDB756F0F10D545CFCB7E537 /* libPods-TwoFlowerSelection_objc.a in Frameworks */ = {isa = PBXBuildFile; fileRef = 4833F83C3E0B438B1B306F86 /* libPods-TwoFlowerSelection_objc.a */; };
		D53E05171D5DBAD000CC251C /* SelectCell.m in Sources */ = {isa = PBXBuildFile; fileRef = D53E05151D5DBAD000CC251C /* SelectCell.m */; };
		D53E05181D5DBAD000CC251C /* SelectCell.xib in Resources */ = {isa = PBXBuildFile; fileRef = D53E05161D5DBAD000CC251C /* SelectCell.xib */; };
		D53E05251D5DC18200CC251C /* FlowView.m in Sources */ = {isa = PBXBuildFile; fileRef = D53E051C1D5DC18200CC251C /* FlowView.m */; };
		D53E05261D5DC18200CC251C /* 1.png in Resources */ = {isa = PBXBuildFile; fileRef = D53E051E1D5DC18200CC251C /* 1.png */; };
		D53E05271D5DC18200CC251C /* 2.png in Resources */ = {isa = PBXBuildFile; fileRef = D53E051F1D5DC18200CC251C /* 2.png */; };
		D53E05281D5DC18200CC251C /* 3.png in Resources */ = {isa = PBXBuildFile; fileRef = D53E05201D5DC18200CC251C /* 3.png */; };
		D53E05291D5DC18200CC251C /* 4.png in Resources */ = {isa = PBXBuildFile; fileRef = D53E05211D5DC18200CC251C /* 4.png */; };
		D53E052A1D5DC18200CC251C /* 5.png in Resources */ = {isa = PBXBuildFile; fileRef = D53E05221D5DC18200CC251C /* 5.png */; };
		D53E052B1D5DC18200CC251C /* 6.png in Resources */ = {isa = PBXBuildFile; fileRef = D53E05231D5DC18200CC251C /* 6.png */; };
		D53E052C1D5DC18200CC251C /* 7.png in Resources */ = {isa = PBXBuildFile; fileRef = D53E05241D5DC18200CC251C /* 7.png */; };
		D53E05301D5DC6B400CC251C /* CityCell.m in Sources */ = {isa = PBXBuildFile; fileRef = D53E052E1D5DC6B400CC251C /* CityCell.m */; };
		D53E05311D5DC6B400CC251C /* CityCell.xib in Resources */ = {isa = PBXBuildFile; fileRef = D53E052F1D5DC6B400CC251C /* CityCell.xib */; };
		D5F11A401D41C9850071173A /* main.m in Sources */ = {isa = PBXBuildFile; fileRef = D5F11A3F1D41C9850071173A /* main.m */; };
		D5F11A431D41C9850071173A /* AppDelegate.m in Sources */ = {isa = PBXBuildFile; fileRef = D5F11A421D41C9850071173A /* AppDelegate.m */; };
		D5F11A4B1D41C9850071173A /* Assets.xcassets in Resources */ = {isa = PBXBuildFile; fileRef = D5F11A4A1D41C9850071173A /* Assets.xcassets */; };
		D5F11A4E1D41C9850071173A /* LaunchScreen.storyboard in Resources */ = {isa = PBXBuildFile; fileRef = D5F11A4C1D41C9850071173A /* LaunchScreen.storyboard */; };
		D5F11A5C1D42300E0071173A /* SelectVC.m in Sources */ = {isa = PBXBuildFile; fileRef = D5F11A5A1D42300E0071173A /* SelectVC.m */; };
		D5F11A5D1D42300E0071173A /* SelectVC.xib in Resources */ = {isa = PBXBuildFile; fileRef = D5F11A5B1D42300E0071173A /* SelectVC.xib */; };
		D5F11A611D4230360071173A /* CouponsVC.m in Sources */ = {isa = PBXBuildFile; fileRef = D5F11A5F1D4230360071173A /* CouponsVC.m */; };
		D5F11A621D4230360071173A /* CouponsVC.xib in Resources */ = {isa = PBXBuildFile; fileRef = D5F11A601D4230360071173A /* CouponsVC.xib */; };
		D5F11A661D4230800071173A /* CityVC.m in Sources */ = {isa = PBXBuildFile; fileRef = D5F11A641D4230800071173A /* CityVC.m */; };
		D5F11A671D4230800071173A /* CityVC.xib in Resources */ = {isa = PBXBuildFile; fileRef = D5F11A651D4230800071173A /* CityVC.xib */; };
		D5F11A6B1D4230950071173A /* MineVC.m in Sources */ = {isa = PBXBuildFile; fileRef = D5F11A691D4230950071173A /* MineVC.m */; };
		D5F11A6C1D4230950071173A /* MineVC.xib in Resources */ = {isa = PBXBuildFile; fileRef = D5F11A6A1D4230950071173A /* MineVC.xib */; };
/* End PBXBuildFile section */

/* Begin PBXFileReference section */
		4833F83C3E0B438B1B306F86 /* libPods-TwoFlowerSelection_objc.a */ = {isa = PBXFileReference; explicitFileType = archive.ar; includeInIndex = 0; path = "libPods-TwoFlowerSelection_objc.a"; sourceTree = BUILT_PRODUCTS_DIR; };
		60F1DD2A60B8B9A64ED1DEC3 /* Pods-TwoFlowerSelection_objc.debug.xcconfig */ = {isa = PBXFileReference; includeInIndex = 1; lastKnownFileType = text.xcconfig; name = "Pods-TwoFlowerSelection_objc.debug.xcconfig"; path = "Pods/Target Support Files/Pods-TwoFlowerSelection_objc/Pods-TwoFlowerSelection_objc.debug.xcconfig"; sourceTree = "<group>"; };
		AE1B1E2BCED15BC0E2865FDE /* Pods-TwoFlowerSelection_objc.release.xcconfig */ = {isa = PBXFileReference; includeInIndex = 1; lastKnownFileType = text.xcconfig; name = "Pods-TwoFlowerSelection_objc.release.xcconfig"; path = "Pods/Target Support Files/Pods-TwoFlowerSelection_objc/Pods-TwoFlowerSelection_objc.release.xcconfig"; sourceTree = "<group>"; };
		D53E05141D5DBAD000CC251C /* SelectCell.h */ = {isa = PBXFileReference; fileEncoding = 4; lastKnownFileType = sourcecode.c.h; path = SelectCell.h; sourceTree = "<group>"; };
		D53E05151D5DBAD000CC251C /* SelectCell.m */ = {isa = PBXFileReference; fileEncoding = 4; lastKnownFileType = sourcecode.c.objc; path = SelectCell.m; sourceTree = "<group>"; };
		D53E05161D5DBAD000CC251C /* SelectCell.xib */ = {isa = PBXFileReference; fileEncoding = 4; lastKnownFileType = file.xib; path = SelectCell.xib; sourceTree = "<group>"; };
		D53E051B1D5DC18200CC251C /* FlowView.h */ = {isa = PBXFileReference; fileEncoding = 4; lastKnownFileType = sourcecode.c.h; path = FlowView.h; sourceTree = "<group>"; };
		D53E051C1D5DC18200CC251C /* FlowView.m */ = {isa = PBXFileReference; fileEncoding = 4; lastKnownFileType = sourcecode.c.objc; path = FlowView.m; sourceTree = "<group>"; };
		D53E051E1D5DC18200CC251C /* 1.png */ = {isa = PBXFileReference; lastKnownFileType = image.png; path = 1.png; sourceTree = "<group>"; };
		D53E051F1D5DC18200CC251C /* 2.png */ = {isa = PBXFileReference; lastKnownFileType = image.png; path = 2.png; sourceTree = "<group>"; };
		D53E05201D5DC18200CC251C /* 3.png */ = {isa = PBXFileReference; lastKnownFileType = image.png; path = 3.png; sourceTree = "<group>"; };
		D53E05211D5DC18200CC251C /* 4.png */ = {isa = PBXFileReference; lastKnownFileType = image.png; path = 4.png; sourceTree = "<group>"; };
		D53E05221D5DC18200CC251C /* 5.png */ = {isa = PBXFileReference; lastKnownFileType = image.png; path = 5.png; sourceTree = "<group>"; };
		D53E05231D5DC18200CC251C /* 6.png */ = {isa = PBXFileReference; lastKnownFileType = image.png; path = 6.png; sourceTree = "<group>"; };
		D53E05241D5DC18200CC251C /* 7.png */ = {isa = PBXFileReference; lastKnownFileType = image.png; path = 7.png; sourceTree = "<group>"; };
		D53E052D1D5DC6B400CC251C /* CityCell.h */ = {isa = PBXFileReference; fileEncoding = 4; lastKnownFileType = sourcecode.c.h; path = CityCell.h; sourceTree = "<group>"; };
		D53E052E1D5DC6B400CC251C /* CityCell.m */ = {isa = PBXFileReference; fileEncoding = 4; lastKnownFileType = sourcecode.c.objc; path = CityCell.m; sourceTree = "<group>"; };
		D53E052F1D5DC6B400CC251C /* CityCell.xib */ = {isa = PBXFileReference; fileEncoding = 4; lastKnownFileType = file.xib; path = CityCell.xib; sourceTree = "<group>"; };
		D5F11A3B1D41C9850071173A /* TwoFlowerSelection_objc.app */ = {isa = PBXFileReference; explicitFileType = wrapper.application; includeInIndex = 0; path = TwoFlowerSelection_objc.app; sourceTree = BUILT_PRODUCTS_DIR; };
		D5F11A3F1D41C9850071173A /* main.m */ = {isa = PBXFileReference; lastKnownFileType = sourcecode.c.objc; path = main.m; sourceTree = "<group>"; };
		D5F11A411D41C9850071173A /* AppDelegate.h */ = {isa = PBXFileReference; lastKnownFileType = sourcecode.c.h; path = AppDelegate.h; sourceTree = "<group>"; };
		D5F11A421D41C9850071173A /* AppDelegate.m */ = {isa = PBXFileReference; lastKnownFileType = sourcecode.c.objc; path = AppDelegate.m; sourceTree = "<group>"; };
		D5F11A4A1D41C9850071173A /* Assets.xcassets */ = {isa = PBXFileReference; lastKnownFileType = folder.assetcatalog; path = Assets.xcassets; sourceTree = "<group>"; };
		D5F11A4D1D41C9850071173A /* Base */ = {isa = PBXFileReference; lastKnownFileType = file.storyboard; name = Base; path = Base.lproj/LaunchScreen.storyboard; sourceTree = "<group>"; };
		D5F11A4F1D41C9850071173A /* Info.plist */ = {isa = PBXFileReference; lastKnownFileType = text.plist.xml; path = Info.plist; sourceTree = "<group>"; };
		D5F11A591D42300E0071173A /* SelectVC.h */ = {isa = PBXFileReference; fileEncoding = 4; lastKnownFileType = sourcecode.c.h; path = SelectVC.h; sourceTree = "<group>"; };
		D5F11A5A1D42300E0071173A /* SelectVC.m */ = {isa = PBXFileReference; fileEncoding = 4; lastKnownFileType = sourcecode.c.objc; path = SelectVC.m; sourceTree = "<group>"; };
		D5F11A5B1D42300E0071173A /* SelectVC.xib */ = {isa = PBXFileReference; fileEncoding = 4; lastKnownFileType = file.xib; path = SelectVC.xib; sourceTree = "<group>"; };
		D5F11A5E1D4230360071173A /* CouponsVC.h */ = {isa = PBXFileReference; fileEncoding = 4; lastKnownFileType = sourcecode.c.h; path = CouponsVC.h; sourceTree = "<group>"; };
		D5F11A5F1D4230360071173A /* CouponsVC.m */ = {isa = PBXFileReference; fileEncoding = 4; lastKnownFileType = sourcecode.c.objc; path = CouponsVC.m; sourceTree = "<group>"; };
		D5F11A601D4230360071173A /* CouponsVC.xib */ = {isa = PBXFileReference; fileEncoding = 4; lastKnownFileType = file.xib; path = CouponsVC.xib; sourceTree = "<group>"; };
		D5F11A631D4230800071173A /* CityVC.h */ = {isa = PBXFileReference; fileEncoding = 4; lastKnownFileType = sourcecode.c.h; path = CityVC.h; sourceTree = "<group>"; };
		D5F11A641D4230800071173A /* CityVC.m */ = {isa = PBXFileReference; fileEncoding = 4; lastKnownFileType = sourcecode.c.objc; path = CityVC.m; sourceTree = "<group>"; };
		D5F11A651D4230800071173A /* CityVC.xib */ = {isa = PBXFileReference; fileEncoding = 4; lastKnownFileType = file.xib; path = CityVC.xib; sourceTree = "<group>"; };
		D5F11A681D4230950071173A /* MineVC.h */ = {isa = PBXFileReference; fileEncoding = 4; lastKnownFileType = sourcecode.c.h; path = MineVC.h; sourceTree = "<group>"; };
		D5F11A691D4230950071173A /* MineVC.m */ = {isa = PBXFileReference; fileEncoding = 4; lastKnownFileType = sourcecode.c.objc; path = MineVC.m; sourceTree = "<group>"; };
		D5F11A6A1D4230950071173A /* MineVC.xib */ = {isa = PBXFileReference; fileEncoding = 4; lastKnownFileType = file.xib; path = MineVC.xib; sourceTree = "<group>"; };
/* End PBXFileReference section */

/* Begin PBXFrameworksBuildPhase section */
		D5F11A381D41C9850071173A /* Frameworks */ = {
			isa = PBXFrameworksBuildPhase;
			buildActionMask = 2147483647;
			files = (
				CDB756F0F10D545CFCB7E537 /* libPods-TwoFlowerSelection_objc.a in Frameworks */,
			);
			runOnlyForDeploymentPostprocessing = 0;
		};
/* End PBXFrameworksBuildPhase section */

/* Begin PBXGroup section */
		0C01F06CFDCCD16F87A1D9D6 /* Frameworks */ = {
			isa = PBXGroup;
			children = (
				4833F83C3E0B438B1B306F86 /* libPods-TwoFlowerSelection_objc.a */,
			);
			name = Frameworks;
			sourceTree = "<group>";
		};
		A352E56F944E0B446B823621 /* Pods */ = {
			isa = PBXGroup;
			children = (
				60F1DD2A60B8B9A64ED1DEC3 /* Pods-TwoFlowerSelection_objc.debug.xcconfig */,
				AE1B1E2BCED15BC0E2865FDE /* Pods-TwoFlowerSelection_objc.release.xcconfig */,
			);
			name = Pods;
			sourceTree = "<group>";
		};
		D53E05191D5DC18200CC251C /* thirdParty */ = {
			isa = PBXGroup;
			children = (
				D53E051A1D5DC18200CC251C /* FlowView */,
			);
			path = thirdParty;
			sourceTree = "<group>";
		};
		D53E051A1D5DC18200CC251C /* FlowView */ = {
			isa = PBXGroup;
			children = (
				D53E051B1D5DC18200CC251C /* FlowView.h */,
				D53E051C1D5DC18200CC251C /* FlowView.m */,
				D53E051D1D5DC18200CC251C /* images */,
			);
			path = FlowView;
			sourceTree = "<group>";
		};
		D53E051D1D5DC18200CC251C /* images */ = {
			isa = PBXGroup;
			children = (
				D53E051E1D5DC18200CC251C /* 1.png */,
				D53E051F1D5DC18200CC251C /* 2.png */,
				D53E05201D5DC18200CC251C /* 3.png */,
				D53E05211D5DC18200CC251C /* 4.png */,
				D53E05221D5DC18200CC251C /* 5.png */,
				D53E05231D5DC18200CC251C /* 6.png */,
				D53E05241D5DC18200CC251C /* 7.png */,
			);
			path = images;
			sourceTree = "<group>";
		};
		D5F11A321D41C9850071173A = {
			isa = PBXGroup;
			children = (
				D5F11A3D1D41C9850071173A /* TwoFlowerSelection_objc */,
				D5F11A3C1D41C9850071173A /* Products */,
				A352E56F944E0B446B823621 /* Pods */,
				0C01F06CFDCCD16F87A1D9D6 /* Frameworks */,
			);
			sourceTree = "<group>";
		};
		D5F11A3C1D41C9850071173A /* Products */ = {
			isa = PBXGroup;
			children = (
				D5F11A3B1D41C9850071173A /* TwoFlowerSelection_objc.app */,
			);
			name = Products;
			sourceTree = "<group>";
		};
		D5F11A3D1D41C9850071173A /* TwoFlowerSelection_objc */ = {
			isa = PBXGroup;
			children = (
				D5F11A411D41C9850071173A /* AppDelegate.h */,
				D5F11A421D41C9850071173A /* AppDelegate.m */,
				D5F11A581D422FC30071173A /* select */,
				D5F11A561D422FC30071173A /* coupons */,
				D5F11A551D422FC30071173A /* city */,
				D5F11A571D422FC30071173A /* mine */,
				D53E05191D5DC18200CC251C /* thirdParty */,
				D5F11A4A1D41C9850071173A /* Assets.xcassets */,
				D5F11A4C1D41C9850071173A /* LaunchScreen.storyboard */,
				D5F11A4F1D41C9850071173A /* Info.plist */,
				D5F11A3E1D41C9850071173A /* Supporting Files */,
			);
			path = TwoFlowerSelection_objc;
			sourceTree = "<group>";
		};
		D5F11A3E1D41C9850071173A /* Supporting Files */ = {
			isa = PBXGroup;
			children = (
				D5F11A3F1D41C9850071173A /* main.m */,
			);
			name = "Supporting Files";
			sourceTree = "<group>";
		};
		D5F11A551D422FC30071173A /* city */ = {
			isa = PBXGroup;
			children = (
				D5F11A631D4230800071173A /* CityVC.h */,
				D5F11A641D4230800071173A /* CityVC.m */,
				D5F11A651D4230800071173A /* CityVC.xib */,
				D53E052D1D5DC6B400CC251C /* CityCell.h */,
				D53E052E1D5DC6B400CC251C /* CityCell.m */,
				D53E052F1D5DC6B400CC251C /* CityCell.xib */,
			);
			path = city;
			sourceTree = "<group>";
		};
		D5F11A561D422FC30071173A /* coupons */ = {
			isa = PBXGroup;
			children = (
				D5F11A5E1D4230360071173A /* CouponsVC.h */,
				D5F11A5F1D4230360071173A /* CouponsVC.m */,
				D5F11A601D4230360071173A /* CouponsVC.xib */,
			);
			path = coupons;
			sourceTree = "<group>";
		};
		D5F11A571D422FC30071173A /* mine */ = {
			isa = PBXGroup;
			children = (
				D5F11A681D4230950071173A /* MineVC.h */,
				D5F11A691D4230950071173A /* MineVC.m */,
				D5F11A6A1D4230950071173A /* MineVC.xib */,
			);
			path = mine;
			sourceTree = "<group>";
		};
		D5F11A581D422FC30071173A /* select */ = {
			isa = PBXGroup;
			children = (
				D5F11A591D42300E0071173A /* SelectVC.h */,
				D5F11A5A1D42300E0071173A /* SelectVC.m */,
				D5F11A5B1D42300E0071173A /* SelectVC.xib */,
				D53E05141D5DBAD000CC251C /* SelectCell.h */,
				D53E05151D5DBAD000CC251C /* SelectCell.m */,
				D53E05161D5DBAD000CC251C /* SelectCell.xib */,
			);
			path = select;
			sourceTree = "<group>";
		};
/* End PBXGroup section */

/* Begin PBXNativeTarget section */
		D5F11A3A1D41C9850071173A /* TwoFlowerSelection_objc */ = {
			isa = PBXNativeTarget;
			buildConfigurationList = D5F11A521D41C9850071173A /* Build configuration list for PBXNativeTarget "TwoFlowerSelection_objc" */;
			buildPhases = (
				3EE69C73A43334E271B851DB /* [CP] Check Pods Manifest.lock */,
				D5F11A371D41C9850071173A /* Sources */,
				D5F11A381D41C9850071173A /* Frameworks */,
				D5F11A391D41C9850071173A /* Resources */,
				FA210614FB38CC5879A29504 /* [CP] Embed Pods Frameworks */,
				EAB0600DEF9C45A42D3C6BCD /* [CP] Copy Pods Resources */,
			);
			buildRules = (
			);
			dependencies = (
			);
			name = TwoFlowerSelection_objc;
			productName = TwoFlowerSelection_objc;
			productReference = D5F11A3B1D41C9850071173A /* TwoFlowerSelection_objc.app */;
			productType = "com.apple.product-type.application";
		};
/* End PBXNativeTarget section */

/* Begin PBXProject section */
		D5F11A331D41C9850071173A /* Project object */ = {
			isa = PBXProject;
			attributes = {
				LastUpgradeCheck = 0730;
				ORGANIZATIONNAME = zhanght;
				TargetAttributes = {
					D5F11A3A1D41C9850071173A = {
						CreatedOnToolsVersion = 7.3;
					};
				};
			};
			buildConfigurationList = D5F11A361D41C9850071173A /* Build configuration list for PBXProject "TwoFlowerSelection_objc" */;
			compatibilityVersion = "Xcode 3.2";
			developmentRegion = English;
			hasScannedForEncodings = 0;
			knownRegions = (
				en,
				Base,
			);
			mainGroup = D5F11A321D41C9850071173A;
			productRefGroup = D5F11A3C1D41C9850071173A /* Products */;
			projectDirPath = "";
			projectRoot = "";
			targets = (
				D5F11A3A1D41C9850071173A /* TwoFlowerSelection_objc */,
			);
		};
/* End PBXProject section */

/* Begin PBXResourcesBuildPhase section */
		D5F11A391D41C9850071173A /* Resources */ = {
			isa = PBXResourcesBuildPhase;
			buildActionMask = 2147483647;
			files = (
				D53E05291D5DC18200CC251C /* 4.png in Resources */,
				D5F11A4E1D41C9850071173A /* LaunchScreen.storyboard in Resources */,
				D53E05261D5DC18200CC251C /* 1.png in Resources */,
				D53E052C1D5DC18200CC251C /* 7.png in Resources */,
				D5F11A671D4230800071173A /* CityVC.xib in Resources */,
				D5F11A5D1D42300E0071173A /* SelectVC.xib in Resources */,
				D53E05311D5DC6B400CC251C /* CityCell.xib in Resources */,
				D5F11A6C1D4230950071173A /* MineVC.xib in Resources */,
				D53E052B1D5DC18200CC251C /* 6.png in Resources */,
				D53E05281D5DC18200CC251C /* 3.png in Resources */,
				D5F11A621D4230360071173A /* CouponsVC.xib in Resources */,
				D53E05271D5DC18200CC251C /* 2.png in Resources */,
				D53E052A1D5DC18200CC251C /* 5.png in Resources */,
				D5F11A4B1D41C9850071173A /* Assets.xcassets in Resources */,
				D53E05181D5DBAD000CC251C /* SelectCell.xib in Resources */,
			);
			runOnlyForDeploymentPostprocessing = 0;
		};
/* End PBXResourcesBuildPhase section */

/* Begin PBXShellScriptBuildPhase section */
		3EE69C73A43334E271B851DB /* [CP] Check Pods Manifest.lock */ = {
			isa = PBXShellScriptBuildPhase;
			buildActionMask = 2147483647;
			files = (
			);
			inputPaths = (
			);
			name = "[CP] Check Pods Manifest.lock";
			outputPaths = (
			);
			runOnlyForDeploymentPostprocessing = 0;
			shellPath = /bin/sh;
			shellScript = "diff \"${PODS_ROOT}/../Podfile.lock\" \"${PODS_ROOT}/Manifest.lock\" > /dev/null\nif [[ $? != 0 ]] ; then\n    cat << EOM\nerror: The sandbox is not in sync with the Podfile.lock. Run 'pod install' or update your CocoaPods installation.\nEOM\n    exit 1\nfi\n";
			showEnvVarsInLog = 0;
		};
		EAB0600DEF9C45A42D3C6BCD /* [CP] Copy Pods Resources */ = {
			isa = PBXShellScriptBuildPhase;
			buildActionMask = 2147483647;
			files = (
			);
			inputPaths = (
			);
			name = "[CP] Copy Pods Resources";
			outputPaths = (
			);
			runOnlyForDeploymentPostprocessing = 0;
			shellPath = /bin/sh;
			shellScript = "\"${SRCROOT}/Pods/Target Support Files/Pods-TwoFlowerSelection_objc/Pods-TwoFlowerSelection_objc-resources.sh\"\n";
			showEnvVarsInLog = 0;
		};
		FA210614FB38CC5879A29504 /* [CP] Embed Pods Frameworks */ = {
			isa = PBXShellScriptBuildPhase;
			buildActionMask = 2147483647;
			files = (
			);
			inputPaths = (
			);
			name = "[CP] Embed Pods Frameworks";
			outputPaths = (
			);
			runOnlyForDeploymentPostprocessing = 0;
			shellPath = /bin/sh;
			shellScript = "\"${SRCROOT}/Pods/Target Support Files/Pods-TwoFlowerSelection_objc/Pods-TwoFlowerSelection_objc-frameworks.sh\"\n";
			showEnvVarsInLog = 0;
		};
/* End PBXShellScriptBuildPhase section */

/* Begin PBXSourcesBuildPhase section */
		D5F11A371D41C9850071173A /* Sources */ = {
			isa = PBXSourcesBuildPhase;
			buildActionMask = 2147483647;
			files = (
				D53E05251D5DC18200CC251C /* FlowView.m in Sources */,
				D53E05301D5DC6B400CC251C /* CityCell.m in Sources */,
				D5F11A5C1D42300E0071173A /* SelectVC.m in Sources */,
				D5F11A431D41C9850071173A /* AppDelegate.m in Sources */,
				D53E05171D5DBAD000CC251C /* SelectCell.m in Sources */,
				D5F11A611D4230360071173A /* CouponsVC.m in Sources */,
				D5F11A6B1D4230950071173A /* MineVC.m in Sources */,
				D5F11A661D4230800071173A /* CityVC.m in Sources */,
				D5F11A401D41C9850071173A /* main.m in Sources */,
			);
			runOnlyForDeploymentPostprocessing = 0;
		};
/* End PBXSourcesBuildPhase section */

/* Begin PBXVariantGroup section */
		D5F11A4C1D41C9850071173A /* LaunchScreen.storyboard */ = {
			isa = PBXVariantGroup;
			children = (
				D5F11A4D1D41C9850071173A /* Base */,
			);
			name = LaunchScreen.storyboard;
			sourceTree = "<group>";
		};
/* End PBXVariantGroup section */

/* Begin XCBuildConfiguration section */
		D5F11A501D41C9850071173A /* Debug */ = {
			isa = XCBuildConfiguration;
			buildSettings = {
				ALWAYS_SEARCH_USER_PATHS = NO;
				CLANG_ANALYZER_NONNULL = YES;
				CLANG_CXX_LANGUAGE_STANDARD = "gnu++0x";
				CLANG_CXX_LIBRARY = "libc++";
				CLANG_ENABLE_MODULES = YES;
				CLANG_ENABLE_OBJC_ARC = YES;
				CLANG_WARN_BOOL_CONVERSION = YES;
				CLANG_WARN_CONSTANT_CONVERSION = YES;
				CLANG_WARN_DIRECT_OBJC_ISA_USAGE = YES_ERROR;
				CLANG_WARN_EMPTY_BODY = YES;
				CLANG_WARN_ENUM_CONVERSION = YES;
				CLANG_WARN_INT_CONVERSION = YES;
				CLANG_WARN_OBJC_ROOT_CLASS = YES_ERROR;
				CLANG_WARN_UNREACHABLE_CODE = YES;
				CLANG_WARN__DUPLICATE_METHOD_MATCH = YES;
				"CODE_SIGN_IDENTITY[sdk=iphoneos*]" = "iPhone Developer";
				COPY_PHASE_STRIP = NO;
				DEBUG_INFORMATION_FORMAT = dwarf;
				ENABLE_STRICT_OBJC_MSGSEND = YES;
				ENABLE_TESTABILITY = YES;
				GCC_C_LANGUAGE_STANDARD = gnu99;
				GCC_DYNAMIC_NO_PIC = NO;
				GCC_NO_COMMON_BLOCKS = YES;
				GCC_OPTIMIZATION_LEVEL = 0;
				GCC_PREPROCESSOR_DEFINITIONS = (
					"DEBUG=1",
					"$(inherited)",
				);
				GCC_WARN_64_TO_32_BIT_CONVERSION = YES;
				GCC_WARN_ABOUT_RETURN_TYPE = YES_ERROR;
				GCC_WARN_UNDECLARED_SELECTOR = YES;
				GCC_WARN_UNINITIALIZED_AUTOS = YES_AGGRESSIVE;
				GCC_WARN_UNUSED_FUNCTION = YES;
				GCC_WARN_UNUSED_VARIABLE = YES;
				IPHONEOS_DEPLOYMENT_TARGET = 9.3;
				MTL_ENABLE_DEBUG_INFO = YES;
				ONLY_ACTIVE_ARCH = YES;
				SDKROOT = iphoneos;
				TARGETED_DEVICE_FAMILY = "1,2";
			};
			name = Debug;
		};
		D5F11A511D41C9850071173A /* Release */ = {
			isa = XCBuildConfiguration;
			buildSettings = {
				ALWAYS_SEARCH_USER_PATHS = NO;
				CLANG_ANALYZER_NONNULL = YES;
				CLANG_CXX_LANGUAGE_STANDARD = "gnu++0x";
				CLANG_CXX_LIBRARY = "libc++";
				CLANG_ENABLE_MODULES = YES;
				CLANG_ENABLE_OBJC_ARC = YES;
				CLANG_WARN_BOOL_CONVERSION = YES;
				CLANG_WARN_CONSTANT_CONVERSION = YES;
				CLANG_WARN_DIRECT_OBJC_ISA_USAGE = YES_ERROR;
				CLANG_WARN_EMPTY_BODY = YES;
				CLANG_WARN_ENUM_CONVERSION = YES;
				CLANG_WARN_INT_CONVERSION = YES;
				CLANG_WARN_OBJC_ROOT_CLASS = YES_ERROR;
				CLANG_WARN_UNREACHABLE_CODE = YES;
				CLANG_WARN__DUPLICATE_METHOD_MATCH = YES;
				"CODE_SIGN_IDENTITY[sdk=iphoneos*]" = "iPhone Developer";
				COPY_PHASE_STRIP = NO;
				DEBUG_INFORMATION_FORMAT = "dwarf-with-dsym";
				ENABLE_NS_ASSERTIONS = NO;
				ENABLE_STRICT_OBJC_MSGSEND = YES;
				GCC_C_LANGUAGE_STANDARD = gnu99;
				GCC_NO_COMMON_BLOCKS = YES;
				GCC_WARN_64_TO_32_BIT_CONVERSION = YES;
				GCC_WARN_ABOUT_RETURN_TYPE = YES_ERROR;
				GCC_WARN_UNDECLARED_SELECTOR = YES;
				GCC_WARN_UNINITIALIZED_AUTOS = YES_AGGRESSIVE;
				GCC_WARN_UNUSED_FUNCTION = YES;
				GCC_WARN_UNUSED_VARIABLE = YES;
				IPHONEOS_DEPLOYMENT_TARGET = 9.3;
				MTL_ENABLE_DEBUG_INFO = NO;
				SDKROOT = iphoneos;
				TARGETED_DEVICE_FAMILY = "1,2";
				VALIDATE_PRODUCT = YES;
			};
			name = Release;
		};
		D5F11A531D41C9850071173A /* Debug */ = {
			isa = XCBuildConfiguration;
			baseConfigurationReference = 60F1DD2A60B8B9A64ED1DEC3 /* Pods-TwoFlowerSelection_objc.debug.xcconfig */;
			buildSettings = {
				ASSETCATALOG_COMPILER_APPICON_NAME = AppIcon;
				INFOPLIST_FILE = TwoFlowerSelection_objc/Info.plist;
				IPHONEOS_DEPLOYMENT_TARGET = 8.0;
				LD_RUNPATH_SEARCH_PATHS = "$(inherited) @executable_path/Frameworks";
				PRODUCT_BUNDLE_IDENTIFIER = "zhanght.TwoFlowerSelection-objc";
				PRODUCT_NAME = "$(TARGET_NAME)";
			};
			name = Debug;
		};
		D5F11A541D41C9850071173A /* Release */ = {
			isa = XCBuildConfiguration;
			baseConfigurationReference = AE1B1E2BCED15BC0E2865FDE /* Pods-TwoFlowerSelection_objc.release.xcconfig */;
			buildSettings = {
				ASSETCATALOG_COMPILER_APPICON_NAME = AppIcon;
				INFOPLIST_FILE = TwoFlowerSelection_objc/Info.plist;
				IPHONEOS_DEPLOYMENT_TARGET = 8.0;
				LD_RUNPATH_SEARCH_PATHS = "$(inherited) @executable_path/Frameworks";
				PRODUCT_BUNDLE_IDENTIFIER = "zhanght.TwoFlowerSelection-objc";
				PRODUCT_NAME = "$(TARGET_NAME)";
			};
			name = Release;
		};
/* End XCBuildConfiguration section */

/* Begin XCConfigurationList section */
		D5F11A361D41C9850071173A /* Build configuration list for PBXProject "TwoFlowerSelection_objc" */ = {
			isa = XCConfigurationList;
			buildConfigurations = (
				D5F11A501D41C9850071173A /* Debug */,
				D5F11A511D41C9850071173A /* Release */,
			);
			defaultConfigurationIsVisible = 0;
			defaultConfigurationName = Release;
		};
		D5F11A521D41C9850071173A /* Build configuration list for PBXNativeTarget "TwoFlowerSelection_objc" */ = {
			isa = XCConfigurationList;
			buildConfigurations = (
				D5F11A531D41C9850071173A /* Debug */,
				D5F11A541D41C9850071173A /* Release */,
			);
			defaultConfigurationIsVisible = 0;
			defaultConfigurationName = Release;
		};
/* End XCConfigurationList section */
	};
	rootObject = D5F11A331D41C9850071173A /* Project object */;
}
